<?xml version="1.0" encoding="utf-8"?>
<Project ToolsVersion="4.0" xmlns="http://schemas.microsoft.com/developer/msbuild/2003">
  <ItemGroup>
    <Filter Include="소스 파일">
      <UniqueIdentifier>{4FC737F1-C7A5-4376-A066-2A32D752A2FF}</UniqueIdentifier>
      <Extensions>cpp;c;cc;cxx;def;odl;idl;hpj;bat;asm;asmx</Extensions>
    </Filter>
    <Filter Include="헤더 파일">
      <UniqueIdentifier>{93995380-89BD-4b04-88EB-625FBE52EBFB}</UniqueIdentifier>
      <Extensions>h;hh;hpp;hxx;hm;inl;inc;xsd</Extensions>
    </Filter>
    <Filter Include="리소스 파일">
      <UniqueIdentifier>{67DA6AB6-F800-4c08-8B7A-83BB121AAD01}</UniqueIdentifier>
      <Extensions>rc;ico;cur;bmp;dlg;rc2;rct;bin;rgs;gif;jpg;jpeg;jpe;resx;tiff;tif;png;wav;mfcribbon-ms</Extensions>
    </Filter>
    <Filter Include="D3D Core">
      <UniqueIdentifier>{7a9ad97c-09d8-4716-a30f-b6d891dc555c}</UniqueIdentifier>
    </Filter>
    <Filter Include="D3D Core\코어 헤더파일">
      <UniqueIdentifier>{9de5f299-b97a-4cbc-8b76-fa4257b5fed2}</UniqueIdentifier>
    </Filter>
    <Filter Include="D3D Core\코어 소스">
      <UniqueIdentifier>{6658b04b-ad02-4972-bbd6-56610a7d0b17}</UniqueIdentifier>
    </Filter>
    <Filter Include="소스 파일\Sound">
      <UniqueIdentifier>{61d52f9b-efee-4445-a052-f6c4ab5227fc}</UniqueIdentifier>
    </Filter>
    <Filter Include="소스 파일\Mysql">
      <UniqueIdentifier>{8f36a8e7-495b-493c-9a78-ed4359633356}</UniqueIdentifier>
    </Filter>
    <Filter Include="소스 파일\새">
      <UniqueIdentifier>{195466a1-5be7-4fc6-af06-908793889477}</UniqueIdentifier>
    </Filter>
    <Filter Include="소스 파일\콜라이더">
      <UniqueIdentifier>{12a0cf25-2be5-4e1d-ad05-c2a84868a263}</UniqueIdentifier>
    </Filter>
    <Filter Include="소스 파일\플레이어1">
      <UniqueIdentifier>{f8c8a3c6-05dd-4a47-a445-8abeecaf107f}</UniqueIdentifier>
    </Filter>
    <Filter Include="소스 파일\Map">
      <UniqueIdentifier>{cec1e42a-12c0-4cf8-9cca-8fc295a432ae}</UniqueIdentifier>
    </Filter>
    <Filter Include="Custom">
      <UniqueIdentifier>{2c9f0b26-77d7-4f95-bcbc-7eaf2e0e1c9c}</UniqueIdentifier>
    </Filter>
    <Filter Include="Custom\Patterns">
      <UniqueIdentifier>{39b4f4e7-92c9-4593-b040-ff17aa951223}</UniqueIdentifier>
    </Filter>
    <Filter Include="Custom\Render">
      <UniqueIdentifier>{89c3fc16-fb3d-4013-9a01-ed67fd7c4c4f}</UniqueIdentifier>
    </Filter>
    <Filter Include="Custom\CustomDefine">
      <UniqueIdentifier>{bac3cc1a-b8cc-415a-9585-f94b0311a4d4}</UniqueIdentifier>
    </Filter>
    <Filter Include="Custom\Game">
      <UniqueIdentifier>{40d85b13-b0bc-4fb4-8b58-25665905f842}</UniqueIdentifier>
    </Filter>
    <Filter Include="Custom\Game\Map">
      <UniqueIdentifier>{89ac9024-5c35-483f-b6b1-40e46caf0e9f}</UniqueIdentifier>
    </Filter>
    <Filter Include="Custom\Game\Camera">
      <UniqueIdentifier>{b22a67f6-a677-4533-82e5-b294b2e88e81}</UniqueIdentifier>
    </Filter>
    <Filter Include="Custom\Game\Objects">
      <UniqueIdentifier>{812ec6e5-295d-4bef-8d8c-ad7d0485b932}</UniqueIdentifier>
    </Filter>
    <Filter Include="Custom\Game\GameManager">
      <UniqueIdentifier>{cebaf1a7-eceb-4a76-b89b-546059c9a4bf}</UniqueIdentifier>
    </Filter>
    <Filter Include="소스 파일\UI">
      <UniqueIdentifier>{3c9384c3-1a6b-4d02-9c55-aed5368ec81b}</UniqueIdentifier>
    </Filter>
    <Filter Include="소스 파일\UI\PopUP">
      <UniqueIdentifier>{8f8e3f69-cd0c-4425-b211-1a9c5ec84f46}</UniqueIdentifier>
    </Filter>
    <Filter Include="Custom\Container">
      <UniqueIdentifier>{cfd48340-0b60-4377-9423-d121218dd30b}</UniqueIdentifier>
    </Filter>
    <Filter Include="Custom\Game\Objects\Effect">
      <UniqueIdentifier>{f0b4893b-8036-4563-9e79-b8e8988e95d3}</UniqueIdentifier>
    </Filter>
    <Filter Include="Custom\Game\Objects\Character">
      <UniqueIdentifier>{ba26de0a-2d0c-4b85-b514-0685fbc83074}</UniqueIdentifier>
    </Filter>
    <Filter Include="Custom\Game\Objects\Items">
      <UniqueIdentifier>{286482b3-8c1e-4750-826f-b4397d461a2a}</UniqueIdentifier>
    </Filter>
    <Filter Include="Custom\Game\GameManager\SubManagers">
      <UniqueIdentifier>{c0c7a85a-9e18-47a7-b2c2-286d06dfa22d}</UniqueIdentifier>
    </Filter>
    <Filter Include="Custom\Render\Animation">
      <UniqueIdentifier>{f5b071b7-c68c-4819-a39a-c9c813f3d2ec}</UniqueIdentifier>
    </Filter>
    <Filter Include="Custom\Game\Time">
      <UniqueIdentifier>{b405c88f-619e-4fb4-b540-d2cf7c8afd81}</UniqueIdentifier>
    </Filter>
  </ItemGroup>
  <ItemGroup>
    <ClInclude Include="Define.h">
      <Filter>D3D Core\코어 헤더파일</Filter>
    </ClInclude>
    <ClInclude Include="Game.h">
      <Filter>D3D Core\코어 헤더파일</Filter>
    </ClInclude>
    <ClInclude Include="key.h">
      <Filter>D3D Core\코어 헤더파일</Filter>
    </ClInclude>
    <ClInclude Include="Sprite.h">
      <Filter>D3D Core\코어 헤더파일</Filter>
    </ClInclude>
    <ClInclude Include="Chap.h">
      <Filter>D3D Core\코어 헤더파일</Filter>
    </ClInclude>
    <ClInclude Include="CMng.h">
      <Filter>D3D Core\코어 헤더파일</Filter>
    </ClInclude>
    <ClInclude Include="Logo.h">
      <Filter>D3D Core\코어 헤더파일</Filter>
    </ClInclude>
    <ClInclude Include="Menu.h">
      <Filter>D3D Core\코어 헤더파일</Filter>
    </ClInclude>
    <ClInclude Include="Over.h">
      <Filter>D3D Core\코어 헤더파일</Filter>
    </ClInclude>
    <ClInclude Include="DXUTsound.h">
      <Filter>D3D Core\코어 헤더파일</Filter>
    </ClInclude>
    <ClInclude Include="Sound.h">
      <Filter>소스 파일\Sound</Filter>
    </ClInclude>
    <ClInclude Include="GameManager.h">
      <Filter>Custom\Game\GameManager</Filter>
    </ClInclude>
    <ClInclude Include="DeviceFont.h">
      <Filter>D3D Core\코어 헤더파일</Filter>
    </ClInclude>
    <ClInclude Include="Mysql.h">
      <Filter>소스 파일\Mysql</Filter>
    </ClInclude>
    <ClInclude Include="Include.h">
      <Filter>D3D Core\코어 헤더파일</Filter>
    </ClInclude>
    <ClInclude Include="Bird.h">
      <Filter>소스 파일\새</Filter>
    </ClInclude>
    <ClInclude Include="Collider.h">
      <Filter>소스 파일\콜라이더</Filter>
    </ClInclude>
    <ClInclude Include="Singleton.h">
      <Filter>Custom\Patterns</Filter>
    </ClInclude>
    <ClInclude Include="Sprite2.h">
      <Filter>Custom\Render</Filter>
    </ClInclude>
    <ClInclude Include="Camera.h">
      <Filter>Custom\Game\Camera</Filter>
    </ClInclude>
    <ClInclude Include="CustomDefine.h">
      <Filter>Custom\CustomDefine</Filter>
    </ClInclude>
    <ClInclude Include="Map.h">
      <Filter>Custom\Game\Map</Filter>
    </ClInclude>
     <ClInclude Include="Character.h">
      <Filter>Custom\Game\Objects</Filter>
    </ClInclude>
    <ClInclude Include="Enemy.h">
      <Filter>Custom\Game\Objects</Filter>
    </ClInclude>
    <ClInclude Include="Player.h">
      <Filter>Custom\Game\Objects</Filter>
    </ClInclude>
    <ClInclude Include="SelectArrow.h">
      <Filter>소스 파일</Filter>
    </ClInclude>
    <ClInclude Include="UISprite.h">
      <Filter>소스 파일</Filter>
    </ClInclude>
    <ClInclude Include="UIButton.h">
      <Filter>소스 파일\UI</Filter>
    </ClInclude>
    <ClInclude Include="UIPopUp.h">
      <Filter>소스 파일\UI</Filter>
    </ClInclude>
    <ClInclude Include="UISprite.h">
      <Filter>소스 파일\UI</Filter>
    </ClInclude>
    <ClInclude Include="UIManager.h">
      <Filter>소스 파일\UI</Filter>
    </ClInclude>
    <ClInclude Include="UISprite.h">
      <Filter>소스 파일\UI</Filter>
    </ClInclude>
    <ClInclude Include="SelectArrow.h">
      <Filter>소스 파일\UI</Filter>
    </ClInclude>
    <ClInclude Include="UIButton.h">
      <Filter>소스 파일\UI</Filter>
    </ClInclude>
    <ClInclude Include="OptionPopUp.h">
      <Filter>소스 파일\UI\PopUP</Filter>
    </ClInclude>
    <ClInclude Include="PowerPopUp.h">
      <Filter>소스 파일\UI\PopUP</Filter>
    </ClInclude>
    <ClInclude Include="Cache.h">
      <Filter>Custom\Container</Filter>
    </ClInclude>
    <ClInclude Include="TextEffect.h">
      <Filter>Custom\Game\Objects\Effect</Filter>
    </ClInclude>
    <ClInclude Include="Effect.h">
      <Filter>Custom\Game\Objects\Effect</Filter>
    </ClInclude>
    <ClInclude Include="Character.h">
      <Filter>Custom\Game\Objects\Character</Filter>
    </ClInclude>
    <ClInclude Include="Enemy.h">
      <Filter>Custom\Game\Objects\Character</Filter>
    </ClInclude>
    <ClInclude Include="Player.h">
      <Filter>Custom\Game\Objects\Character</Filter>
    </ClInclude>
    <ClInclude Include="Projectile.h">
      <Filter>Custom\Game\Objects\Effect</Filter>
    </ClInclude>
    <ClInclude Include="SpriteEffect.h">
      <Filter>Custom\Game\Objects\Effect</Filter>
    </ClInclude>
    <ClInclude Include="resource.h">
      <Filter>헤더 파일</Filter>
    </ClInclude>
    <ClInclude Include="EnemyManager.h">
      <Filter>Custom\Game\GameManager\SubManagers</Filter>
    </ClInclude>
    <ClInclude Include="Item.h">
      <Filter>Custom\Game\Objects\Items</Filter>
    </ClInclude>
    <ClInclude Include="SpriteAnimation.h">
      <Filter>Custom\Render\Animation</Filter>
    </ClInclude>
    <ClInclude Include="SpriteAnimator.h">
      <Filter>Custom\Render\Animation</Filter>
    </ClInclude>
    <ClInclude Include="Time.h">
      <Filter>Custom\Game\Time</Filter>
    </ClInclude>
    <ClInclude Include="EffectManager.h">
      <Filter>Custom\Game\GameManager\SubManagers</Filter>
    </ClInclude>
    <ClInclude Include="PlayerManager.h">
      <Filter>Custom\Game\GameManager\SubManagers</Filter>
    </ClInclude>
    <ClInclude Include="Cache.h">
      <Filter>Custom\Container</Filter>
    </ClInclude>
    <ClInclude Include="TextEffect.h">
      <Filter>Custom\Game\Objects\Effect</Filter>
    </ClInclude>
    <ClInclude Include="Effect.h">
      <Filter>Custom\Game\Objects\Effect</Filter>
    </ClInclude>
    <ClInclude Include="Character.h">
      <Filter>Custom\Game\Objects\Character</Filter>
    </ClInclude>
    <ClInclude Include="Enemy.h">
      <Filter>Custom\Game\Objects\Character</Filter>
    </ClInclude>
    <ClInclude Include="Player.h">
      <Filter>Custom\Game\Objects\Character</Filter>
    </ClInclude>
    <ClInclude Include="Projectile.h">
      <Filter>Custom\Game\Objects\Effect</Filter>
    </ClInclude>
    <ClInclude Include="SpriteEffect.h">
      <Filter>Custom\Game\Objects\Effect</Filter>
    </ClInclude>
    <ClInclude Include="resource.h">
      <Filter>헤더 파일</Filter>
    </ClInclude>
    <ClInclude Include="EnemyManager.h">
      <Filter>Custom\Game\GameManager\SubManagers</Filter>
    </ClInclude>
    <ClInclude Include="Item.h">
      <Filter>Custom\Game\Objects\Items</Filter>
    </ClInclude>
    <ClInclude Include="SpriteAnimation.h">
      <Filter>Custom\Render\Animation</Filter>
    </ClInclude>
    <ClInclude Include="SpriteAnimator.h">
      <Filter>Custom\Render\Animation</Filter>
    </ClInclude>
    <ClInclude Include="Time.h">
      <Filter>Custom\Game\Time</Filter>
    </ClInclude>
    <ClInclude Include="EffectManager.h">
      <Filter>Custom\Game\GameManager\SubManagers</Filter>
    </ClInclude>
    <ClInclude Include="PlayerManager.h">
      <Filter>Custom\Game\GameManager\SubManagers</Filter>
    </ClInclude>
  </ItemGroup>
  <ItemGroup>
    <ClCompile Include="key.cpp">
      <Filter>D3D Core\코어 소스</Filter>
    </ClCompile>
    <ClCompile Include="CMng.cpp">
      <Filter>D3D Core\코어 소스</Filter>
    </ClCompile>
    <ClCompile Include="Menu.cpp">
      <Filter>D3D Core\코어 소스</Filter>
    </ClCompile>
    <ClCompile Include="Over.cpp">
      <Filter>D3D Core\코어 소스</Filter>
    </ClCompile>
    <ClCompile Include="Logo.cpp">
      <Filter>D3D Core\코어 소스</Filter>
    </ClCompile>
    <ClCompile Include="DXUTsound.cpp">
      <Filter>D3D Core\코어 소스</Filter>
    </ClCompile>
    <ClCompile Include="Sound.cpp">
      <Filter>소스 파일\Sound</Filter>
    </ClCompile>
    <ClCompile Include="DeviceFont.cpp">
      <Filter>D3D Core\코어 소스</Filter>
    </ClCompile>
    <ClCompile Include="Mysql.cpp">
      <Filter>소스 파일\Mysql</Filter>
    </ClCompile>
    <ClCompile Include="Game.cpp">
      <Filter>D3D Core\코어 소스</Filter>
    </ClCompile>
    <ClCompile Include="Main.cpp">
      <Filter>D3D Core\코어 소스</Filter>
    </ClCompile>
    <ClCompile Include="Bird.cpp">
      <Filter>소스 파일\새</Filter>
    </ClCompile>
    <ClCompile Include="Collider.cpp">
      <Filter>소스 파일\콜라이더</Filter>
    </ClCompile>
    <ClCompile Include="Sprite2.cpp">
      <Filter>Custom\Render</Filter>
    </ClCompile>
    <ClCompile Include="Map.cpp">
      <Filter>Custom\Game\Map</Filter>
    </ClCompile>
    <ClCompile Include="Enemy.cpp">
      <Filter>Custom\Game\Objects</Filter>
    </ClCompile>
    <ClCompile Include="Player.cpp">
      <Filter>Custom\Game\Objects</Filter>
    </ClCompile>
    <ClCompile Include="Sprite.cpp">
      <Filter>D3D Core\코어 소스</Filter>
    </ClCompile>
    <ClCompile Include="UISprite.cpp">
      <Filter>소스 파일</Filter>
    </ClCompile>
    <ClCompile Include="UIButton.cpp">
      <Filter>소스 파일</Filter>
    </ClCompile>
    <ClCompile Include="SelectArrow.cpp">
      <Filter>소스 파일</Filter>
    </ClCompile>
    <ClCompile Include="UIButton.cpp">
      <Filter>소스 파일\UI</Filter>
    </ClCompile>
    <ClCompile Include="UIPopUp.cpp">
      <Filter>소스 파일\UI</Filter>
    </ClCompile>
    <ClCompile Include="UISprite.cpp">
      <Filter>소스 파일\UI</Filter>
    </ClCompile>
    <ClCompile Include="SelectArrow.cpp">
      <Filter>소스 파일\UI</Filter>
    </ClCompile>
    <ClCompile Include="UIButton.cpp">
      <Filter>소스 파일\UI</Filter>
    </ClCompile>
    <ClCompile Include="UISprite.cpp">
      <Filter>소스 파일\UI</Filter>
    </ClCompile>
    <ClCompile Include="OptionPopUp.cpp">
      <Filter>소스 파일\UI\PopUP</Filter>
    </ClCompile>
    <ClCompile Include="PowerPopUp.cpp">
      <Filter>소스 파일\UI\PopUP</Filter>
    </ClCompile>
    <ClCompile Include="TextEffect.cpp">
      <Filter>Custom\Game\Objects\Effect</Filter>
    </ClCompile>
    <ClCompile Include="Enemy.cpp">
      <Filter>Custom\Game\Objects\Character</Filter>
    </ClCompile>
    <ClCompile Include="Player.cpp">
      <Filter>Custom\Game\Objects\Character</Filter>
    </ClCompile>
    <ClCompile Include="Projectile.cpp">
      <Filter>Custom\Game\Objects\Effect</Filter>
    </ClCompile>
    <ClCompile Include="EnemyManager.cpp">
      <Filter>Custom\Game\GameManager\SubManagers</Filter>
    </ClCompile>
    <ClCompile Include="SpriteAnimation.cpp">
      <Filter>Custom\Render\Animation</Filter>
    </ClCompile>
    <ClCompile Include="SpriteAnimator.cpp">
      <Filter>Custom\Render\Animation</Filter>
    </ClCompile>
    <ClCompile Include="GameManager.cpp">
      <Filter>Custom\Game\GameManager</Filter>
    </ClCompile>
    <ClCompile Include="SpriteEffect.cpp">
      <Filter>Custom\Game\Objects\Effect</Filter>
    </ClCompile>
    <ClCompile Include="Time.cpp">
      <Filter>Custom\Game\Time</Filter>
    </ClCompile>
    <ClCompile Include="EffectManager.cpp">
      <Filter>Custom\Game\GameManager\SubManagers</Filter>
    </ClCompile>
    <ClCompile Include="TextEffect.cpp">
      <Filter>Custom\Game\Objects\Effect</Filter>
    </ClCompile>
    <ClCompile Include="Enemy.cpp">
      <Filter>Custom\Game\Objects\Character</Filter>
    </ClCompile>
    <ClCompile Include="Player.cpp">
      <Filter>Custom\Game\Objects\Character</Filter>
    </ClCompile>
    <ClCompile Include="Projectile.cpp">
      <Filter>Custom\Game\Objects\Effect</Filter>
    </ClCompile>
    <ClCompile Include="EnemyManager.cpp">
      <Filter>Custom\Game\GameManager\SubManagers</Filter>
    </ClCompile>
    <ClCompile Include="SpriteAnimation.cpp">
      <Filter>Custom\Render\Animation</Filter>
    </ClCompile>
    <ClCompile Include="SpriteAnimator.cpp">
      <Filter>Custom\Render\Animation</Filter>
    </ClCompile>
    <ClCompile Include="GameManager.cpp">
      <Filter>Custom\Game\GameManager</Filter>
    </ClCompile>
    <ClCompile Include="SpriteEffect.cpp">
      <Filter>Custom\Game\Objects\Effect</Filter>
    </ClCompile>
    <ClCompile Include="Time.cpp">
      <Filter>Custom\Game\Time</Filter>
    </ClCompile>
    <ClCompile Include="EffectManager.cpp">
      <Filter>Custom\Game\GameManager\SubManagers</Filter>
    </ClCompile>
  </ItemGroup>
  <ItemGroup>
    <ResourceCompile Include="FrameWork.rc">
      <Filter>리소스 파일</Filter>
    </ResourceCompile>
  </ItemGroup>
  <ItemGroup>
    <ResourceCompile Include="FrameWork.rc">
      <Filter>리소스 파일</Filter>
    </ResourceCompile>
  </ItemGroup>
</Project>